
Microsoft Visual Studio Solution File, Format Version 12.00
# Visual Studio Version 17
VisualStudioVersion = 17.2.32630.192
MinimumVisualStudioVersion = 10.0.40219.1
Project("{2150E333-8FDC-42A3-9474-1A3956D46DE8}") = "Core", "Core", "{B0776B38-7780-46E6-87CC-A7FE0AB5E129}"
EndProject
Project("{2150E333-8FDC-42A3-9474-1A3956D46DE8}") = "Services", "Services", "{2B7AA910-005B-48BB-A6DA-8DF7271A5EA1}"
EndProject
Project("{2150E333-8FDC-42A3-9474-1A3956D46DE8}") = "Booking", "Booking", "{EA46329B-8ABF-42FF-BAD9-FACC84593ABD}"
EndProject
Project("{2150E333-8FDC-42A3-9474-1A3956D46DE8}") = "Email", "Email", "{0C4FD27C-2EF6-4DCE-BA4C-D49439DAA1CD}"
EndProject
Project("{2150E333-8FDC-42A3-9474-1A3956D46DE8}") = "Flight", "Flight", "{6D2A8A9E-410E-4A33-94EA-B86CFF585BC2}"
EndProject
Project("{2150E333-8FDC-42A3-9474-1A3956D46DE8}") = "Identity", "Identity", "{AA197DF6-0994-45DA-B14F-76A90DF4C4EC}"
EndProject
Project("{2150E333-8FDC-42A3-9474-1A3956D46DE8}") = "Passenger", "Passenger", "{5951F0E9-F7DF-4C8E-A058-072A7EABAE10}"
EndProject
Project("{9A19103F-16F7-4668-BE54-9A1E7A4F7556}") = "BookingAppDio.Core", "src\core\BookingAppDio.Core\BookingAppDio.Core.csproj", "{CD90C86B-2595-4937-A27F-332149AED4FB}"
EndProject
Project("{9A19103F-16F7-4668-BE54-9A1E7A4F7556}") = "BookingAppDio.Booking.Infra", "src\services\booking\BookingAppDio.Booking.Infra\BookingAppDio.Booking.Infra.csproj", "{DB0B6AC7-D28E-4235-A235-2A37CCDDF2CF}"
EndProject
Project("{9A19103F-16F7-4668-BE54-9A1E7A4F7556}") = "BookingAppDio.Bus", "src\core\BookingAppDio.Bus\BookingAppDio.Bus.csproj", "{87BEF9A2-014E-4543-A393-1CD0E706CE8E}"
EndProject
Project("{9A19103F-16F7-4668-BE54-9A1E7A4F7556}") = "BookingAppDio.Flight.Domain", "src\services\flight\BookingAppDio.Flight.Domain\BookingAppDio.Flight.Domain.csproj", "{1202FD6F-39EC-46BB-8FF8-79EC93E0038C}"
EndProject
Project("{9A19103F-16F7-4668-BE54-9A1E7A4F7556}") = "BookingAppDio.Flight.Infra", "src\services\flight\BookingAppDio.Flight.Infra\BookingAppDio.Flight.Infra.csproj", "{293D7E82-C607-4D01-88BE-2794419C7265}"
EndProject
Project("{9A19103F-16F7-4668-BE54-9A1E7A4F7556}") = "BookingAppDio.Booking.API", "src\services\booking\BookingAppDio.Booking.API\BookingAppDio.Booking.API.csproj", "{9A33E64D-C49C-4336-A011-AAD6FA15C4F6}"
EndProject
Project("{9A19103F-16F7-4668-BE54-9A1E7A4F7556}") = "BookingAppDio.Email", "src\services\email\BookingAppDio.Email\BookingAppDio.Email.csproj", "{D02EB231-9D8C-4474-A5DE-727144562117}"
EndProject
Project("{9A19103F-16F7-4668-BE54-9A1E7A4F7556}") = "BookingAppDio.Flight.API", "src\services\flight\BookingAppDio.Flight.API\BookingAppDio.Flight.API.csproj", "{5B9C5FF2-3CC5-4E68-8FAF-E1D8E5B669A4}"
EndProject
Project("{9A19103F-16F7-4668-BE54-9A1E7A4F7556}") = "BookingAppDio.Identity", "src\services\identity\BookingAppDio.Identity\BookingAppDio.Identity.csproj", "{522C3F41-8AD3-4B6B-878E-CC145BB58C88}"
EndProject
Project("{9A19103F-16F7-4668-BE54-9A1E7A4F7556}") = "BookingAppDio.Passenger", "src\services\passenger\BookingAppDio.Passenger\BookingAppDio.Passenger.csproj", "{08E333A1-F0BE-49FF-8351-FD0B5198C871}"
EndProject
Project("{9A19103F-16F7-4668-BE54-9A1E7A4F7556}") = "BookingAppDio.Booking.Domain", "src\services\booking\BookingAppDio.Booking.Domain\BookingAppDio.Booking.Domain.csproj", "{26C2D32C-A3E7-4686-963E-5FF6E4572F27}"
EndProject
Global
	GlobalSection(SolutionConfigurationPlatforms) = preSolution
		Debug|Any CPU = Debug|Any CPU
		Release|Any CPU = Release|Any CPU
	EndGlobalSection
	GlobalSection(ProjectConfigurationPlatforms) = postSolution
		{CD90C86B-2595-4937-A27F-332149AED4FB}.Debug|Any CPU.ActiveCfg = Debug|Any CPU
		{CD90C86B-2595-4937-A27F-332149AED4FB}.Debug|Any CPU.Build.0 = Debug|Any CPU
		{CD90C86B-2595-4937-A27F-332149AED4FB}.Release|Any CPU.ActiveCfg = Release|Any CPU
		{CD90C86B-2595-4937-A27F-332149AED4FB}.Release|Any CPU.Build.0 = Release|Any CPU
		{DB0B6AC7-D28E-4235-A235-2A37CCDDF2CF}.Debug|Any CPU.ActiveCfg = Debug|Any CPU
		{DB0B6AC7-D28E-4235-A235-2A37CCDDF2CF}.Debug|Any CPU.Build.0 = Debug|Any CPU
		{DB0B6AC7-D28E-4235-A235-2A37CCDDF2CF}.Release|Any CPU.ActiveCfg = Release|Any CPU
		{DB0B6AC7-D28E-4235-A235-2A37CCDDF2CF}.Release|Any CPU.Build.0 = Release|Any CPU
		{87BEF9A2-014E-4543-A393-1CD0E706CE8E}.Debug|Any CPU.ActiveCfg = Debug|Any CPU
		{87BEF9A2-014E-4543-A393-1CD0E706CE8E}.Debug|Any CPU.Build.0 = Debug|Any CPU
		{87BEF9A2-014E-4543-A393-1CD0E706CE8E}.Release|Any CPU.ActiveCfg = Release|Any CPU
		{87BEF9A2-014E-4543-A393-1CD0E706CE8E}.Release|Any CPU.Build.0 = Release|Any CPU
		{1202FD6F-39EC-46BB-8FF8-79EC93E0038C}.Debug|Any CPU.ActiveCfg = Debug|Any CPU
		{1202FD6F-39EC-46BB-8FF8-79EC93E0038C}.Debug|Any CPU.Build.0 = Debug|Any CPU
		{1202FD6F-39EC-46BB-8FF8-79EC93E0038C}.Release|Any CPU.ActiveCfg = Release|Any CPU
		{1202FD6F-39EC-46BB-8FF8-79EC93E0038C}.Release|Any CPU.Build.0 = Release|Any CPU
		{293D7E82-C607-4D01-88BE-2794419C7265}.Debug|Any CPU.ActiveCfg = Debug|Any CPU
		{293D7E82-C607-4D01-88BE-2794419C7265}.Debug|Any CPU.Build.0 = Debug|Any CPU
		{293D7E82-C607-4D01-88BE-2794419C7265}.Release|Any CPU.ActiveCfg = Release|Any CPU
		{293D7E82-C607-4D01-88BE-2794419C7265}.Release|Any CPU.Build.0 = Release|Any CPU
		{9A33E64D-C49C-4336-A011-AAD6FA15C4F6}.Debug|Any CPU.ActiveCfg = Debug|Any CPU
		{9A33E64D-C49C-4336-A011-AAD6FA15C4F6}.Debug|Any CPU.Build.0 = Debug|Any CPU
		{9A33E64D-C49C-4336-A011-AAD6FA15C4F6}.Release|Any CPU.ActiveCfg = Release|Any CPU
		{9A33E64D-C49C-4336-A011-AAD6FA15C4F6}.Release|Any CPU.Build.0 = Release|Any CPU
		{D02EB231-9D8C-4474-A5DE-727144562117}.Debug|Any CPU.ActiveCfg = Debug|Any CPU
		{D02EB231-9D8C-4474-A5DE-727144562117}.Debug|Any CPU.Build.0 = Debug|Any CPU
		{D02EB231-9D8C-4474-A5DE-727144562117}.Release|Any CPU.ActiveCfg = Release|Any CPU
		{D02EB231-9D8C-4474-A5DE-727144562117}.Release|Any CPU.Build.0 = Release|Any CPU
		{5B9C5FF2-3CC5-4E68-8FAF-E1D8E5B669A4}.Debug|Any CPU.ActiveCfg = Debug|Any CPU
		{5B9C5FF2-3CC5-4E68-8FAF-E1D8E5B669A4}.Debug|Any CPU.Build.0 = Debug|Any CPU
		{5B9C5FF2-3CC5-4E68-8FAF-E1D8E5B669A4}.Release|Any CPU.ActiveCfg = Release|Any CPU
		{5B9C5FF2-3CC5-4E68-8FAF-E1D8E5B669A4}.Release|Any CPU.Build.0 = Release|Any CPU
		{522C3F41-8AD3-4B6B-878E-CC145BB58C88}.Debug|Any CPU.ActiveCfg = Debug|Any CPU
		{522C3F41-8AD3-4B6B-878E-CC145BB58C88}.Debug|Any CPU.Build.0 = Debug|Any CPU
		{522C3F41-8AD3-4B6B-878E-CC145BB58C88}.Release|Any CPU.ActiveCfg = Release|Any CPU
		{522C3F41-8AD3-4B6B-878E-CC145BB58C88}.Release|Any CPU.Build.0 = Release|Any CPU
		{08E333A1-F0BE-49FF-8351-FD0B5198C871}.Debug|Any CPU.ActiveCfg = Debug|Any CPU
		{08E333A1-F0BE-49FF-8351-FD0B5198C871}.Debug|Any CPU.Build.0 = Debug|Any CPU
		{08E333A1-F0BE-49FF-8351-FD0B5198C871}.Release|Any CPU.ActiveCfg = Release|Any CPU
		{08E333A1-F0BE-49FF-8351-FD0B5198C871}.Release|Any CPU.Build.0 = Release|Any CPU
		{26C2D32C-A3E7-4686-963E-5FF6E4572F27}.Debug|Any CPU.ActiveCfg = Debug|Any CPU
		{26C2D32C-A3E7-4686-963E-5FF6E4572F27}.Debug|Any CPU.Build.0 = Debug|Any CPU
		{26C2D32C-A3E7-4686-963E-5FF6E4572F27}.Release|Any CPU.ActiveCfg = Release|Any CPU
		{26C2D32C-A3E7-4686-963E-5FF6E4572F27}.Release|Any CPU.Build.0 = Release|Any CPU
	EndGlobalSection
	GlobalSection(SolutionProperties) = preSolution
		HideSolutionNode = FALSE
	EndGlobalSection
	GlobalSection(NestedProjects) = preSolution
		{EA46329B-8ABF-42FF-BAD9-FACC84593ABD} = {2B7AA910-005B-48BB-A6DA-8DF7271A5EA1}
		{0C4FD27C-2EF6-4DCE-BA4C-D49439DAA1CD} = {2B7AA910-005B-48BB-A6DA-8DF7271A5EA1}
		{6D2A8A9E-410E-4A33-94EA-B86CFF585BC2} = {2B7AA910-005B-48BB-A6DA-8DF7271A5EA1}
		{AA197DF6-0994-45DA-B14F-76A90DF4C4EC} = {2B7AA910-005B-48BB-A6DA-8DF7271A5EA1}
		{5951F0E9-F7DF-4C8E-A058-072A7EABAE10} = {2B7AA910-005B-48BB-A6DA-8DF7271A5EA1}
		{CD90C86B-2595-4937-A27F-332149AED4FB} = {B0776B38-7780-46E6-87CC-A7FE0AB5E129}
		{DB0B6AC7-D28E-4235-A235-2A37CCDDF2CF} = {EA46329B-8ABF-42FF-BAD9-FACC84593ABD}
		{87BEF9A2-014E-4543-A393-1CD0E706CE8E} = {B0776B38-7780-46E6-87CC-A7FE0AB5E129}
		{1202FD6F-39EC-46BB-8FF8-79EC93E0038C} = {6D2A8A9E-410E-4A33-94EA-B86CFF585BC2}
		{293D7E82-C607-4D01-88BE-2794419C7265} = {6D2A8A9E-410E-4A33-94EA-B86CFF585BC2}
		{9A33E64D-C49C-4336-A011-AAD6FA15C4F6} = {EA46329B-8ABF-42FF-BAD9-FACC84593ABD}
		{D02EB231-9D8C-4474-A5DE-727144562117} = {0C4FD27C-2EF6-4DCE-BA4C-D49439DAA1CD}
		{5B9C5FF2-3CC5-4E68-8FAF-E1D8E5B669A4} = {6D2A8A9E-410E-4A33-94EA-B86CFF585BC2}
		{522C3F41-8AD3-4B6B-878E-CC145BB58C88} = {AA197DF6-0994-45DA-B14F-76A90DF4C4EC}
		{08E333A1-F0BE-49FF-8351-FD0B5198C871} = {5951F0E9-F7DF-4C8E-A058-072A7EABAE10}
		{26C2D32C-A3E7-4686-963E-5FF6E4572F27} = {EA46329B-8ABF-42FF-BAD9-FACC84593ABD}
	EndGlobalSection
	GlobalSection(ExtensibilityGlobals) = postSolution
		SolutionGuid = {A0C2D8DA-EAA2-42F9-AA99-3B18A2564604}
	EndGlobalSection
EndGlobal
